
Microsoft Visual Studio Solution File, Format Version 12.00
# Visual Studio Version 17
VisualStudioVersion = 17.10.35027.167
MinimumVisualStudioVersion = 10.0.40219.1
Project("{FAE04EC0-301F-11D3-BF4B-00C04F79EFBC}") = "AbstractExample", "AbstractExample\AbstractExample.csproj", "{4AF83187-B4CA-4075-89D9-873B1EDFA922}"
EndProject
Global
	GlobalSection(SolutionConfigurationPlatforms) = preSolution
		Debug|Any CPU = Debug|Any CPU
		Release|Any CPU = Release|Any CPU
	EndGlobalSection
	GlobalSection(ProjectConfigurationPlatforms) = postSolution
		{4AF83187-B4CA-4075-89D9-873B1EDFA922}.Debug|Any CPU.ActiveCfg = Debug|Any CPU
		{4AF83187-B4CA-4075-89D9-873B1EDFA922}.Debug|Any CPU.Build.0 = Debug|Any CPU
		{4AF83187-B4CA-4075-89D9-873B1EDFA922}.Release|Any CPU.ActiveCfg = Release|Any CPU
		{4AF83187-B4CA-4075-89D9-873B1EDFA922}.Release|Any CPU.Build.0 = Release|Any CPU
	EndGlobalSection
	GlobalSection(SolutionProperties) = preSolution
		HideSolutionNode = FALSE
	EndGlobalSection
	GlobalSection(ExtensibilityGlobals) = postSolution
		SolutionGuid = {01B82CB2-9F23-491A-992C-85A2815A54EA}
	EndGlobalSection
EndGlobal
